
Microsoft Visual Studio Solution File, Format Version 12.00
# Visual Studio Version 16
VisualStudioVersion = 16.0.31402.337
MinimumVisualStudioVersion = 10.0.40219.1
Project("{9A19103F-16F7-4668-BE54-9A1E7A4F7556}") = "AdminDashboard", "AdminDashboard\AdminDashboard.csproj", "{901F6A31-3E53-45DE-8225-7EFF87F1CDB0}"
EndProject
Global
	GlobalSection(SolutionConfigurationPlatforms) = preSolution
		Debug|Any CPU = Debug|Any CPU
		Release|Any CPU = Release|Any CPU
		Testing|Any CPU = Testing|Any CPU
	EndGlobalSection
	GlobalSection(ProjectConfigurationPlatforms) = postSolution
		{901F6A31-3E53-45DE-8225-7EFF87F1CDB0}.Debug|Any CPU.ActiveCfg = Debug|Any CPU
		{901F6A31-3E53-45DE-8225-7EFF87F1CDB0}.Debug|Any CPU.Build.0 = Debug|Any CPU
		{901F6A31-3E53-45DE-8225-7EFF87F1CDB0}.Release|Any CPU.ActiveCfg = Release|Any CPU
		{901F6A31-3E53-45DE-8225-7EFF87F1CDB0}.Release|Any CPU.Build.0 = Release|Any CPU
		{901F6A31-3E53-45DE-8225-7EFF87F1CDB0}.Testing|Any CPU.ActiveCfg = Release|Any CPU
		{901F6A31-3E53-45DE-8225-7EFF87F1CDB0}.Testing|Any CPU.Build.0 = Release|Any CPU
	EndGlobalSection
	GlobalSection(SolutionProperties) = preSolution
		HideSolutionNode = FALSE
	EndGlobalSection
	GlobalSection(ExtensibilityGlobals) = postSolution
		SolutionGuid = {0547E251-E93B-449E-98CA-E820226BAFB1}
	EndGlobalSection
EndGlobal
